
Microsoft Visual Studio Solution File, Format Version 12.00
# Visual Studio Version 17
VisualStudioVersion = 17.7.34031.279
MinimumVisualStudioVersion = 10.0.40219.1
Project("{FAE04EC0-301F-11D3-BF4B-00C04F79EFBC}") = "Barbearia.Api", "Barbearia.Api\Barbearia.Api.csproj", "{B58F966E-9D94-4C08-919B-2EE09FCA8270}"
EndProject
Project("{FAE04EC0-301F-11D3-BF4B-00C04F79EFBC}") = "Barbearia.Dominio", "Barbearia.Dominio\Barbearia.Dominio.csproj", "{B0B1D22D-3ABA-4C8C-8A62-C7E1BCFAADD1}"
EndProject
Project("{FAE04EC0-301F-11D3-BF4B-00C04F79EFBC}") = "Barbearia.Infraestrutura", "Barbearia.Infraestrutura\Barbearia.Infraestrutura.csproj", "{70FFBD7B-50C1-49C5-9C62-FA98F91927BC}"
EndProject
Global
	GlobalSection(SolutionConfigurationPlatforms) = preSolution
		Debug|Any CPU = Debug|Any CPU
		Release|Any CPU = Release|Any CPU
	EndGlobalSection
	GlobalSection(ProjectConfigurationPlatforms) = postSolution
		{B58F966E-9D94-4C08-919B-2EE09FCA8270}.Debug|Any CPU.ActiveCfg = Debug|Any CPU
		{B58F966E-9D94-4C08-919B-2EE09FCA8270}.Debug|Any CPU.Build.0 = Debug|Any CPU
		{B58F966E-9D94-4C08-919B-2EE09FCA8270}.Release|Any CPU.ActiveCfg = Release|Any CPU
		{B58F966E-9D94-4C08-919B-2EE09FCA8270}.Release|Any CPU.Build.0 = Release|Any CPU
		{B0B1D22D-3ABA-4C8C-8A62-C7E1BCFAADD1}.Debug|Any CPU.ActiveCfg = Debug|Any CPU
		{B0B1D22D-3ABA-4C8C-8A62-C7E1BCFAADD1}.Debug|Any CPU.Build.0 = Debug|Any CPU
		{B0B1D22D-3ABA-4C8C-8A62-C7E1BCFAADD1}.Release|Any CPU.ActiveCfg = Release|Any CPU
		{B0B1D22D-3ABA-4C8C-8A62-C7E1BCFAADD1}.Release|Any CPU.Build.0 = Release|Any CPU
		{70FFBD7B-50C1-49C5-9C62-FA98F91927BC}.Debug|Any CPU.ActiveCfg = Debug|Any CPU
		{70FFBD7B-50C1-49C5-9C62-FA98F91927BC}.Debug|Any CPU.Build.0 = Debug|Any CPU
		{70FFBD7B-50C1-49C5-9C62-FA98F91927BC}.Release|Any CPU.ActiveCfg = Release|Any CPU
		{70FFBD7B-50C1-49C5-9C62-FA98F91927BC}.Release|Any CPU.Build.0 = Release|Any CPU
	EndGlobalSection
	GlobalSection(SolutionProperties) = preSolution
		HideSolutionNode = FALSE
	EndGlobalSection
	GlobalSection(ExtensibilityGlobals) = postSolution
		SolutionGuid = {AAB4634B-ED7B-4102-870C-188B68FCBF60}
	EndGlobalSection
EndGlobal
